// !$*UTF8*$!
{
	archiveVersion = 1;
	classes = {
	};
	objectVersion = 51;
	objects = {

/* Begin PBXBuildFile section */
		7FD8866DEB84A28E4193CF05 /* Pods_morionTests.framework in Frameworks */ = {isa = PBXBuildFile; fileRef = 0FD30641C1E9F8DB0EE69B7A /* Pods_morionTests.framework */; };
		BE0FB93423C4A71400ADB2DE /* AppDelegate.swift in Sources */ = {isa = PBXBuildFile; fileRef = BE0FB93323C4A71400ADB2DE /* AppDelegate.swift */; };
		BE0FB93623C4A71400ADB2DE /* SceneDelegate.swift in Sources */ = {isa = PBXBuildFile; fileRef = BE0FB93523C4A71400ADB2DE /* SceneDelegate.swift */; };
		BE0FB93D23C4A71600ADB2DE /* Assets.xcassets in Resources */ = {isa = PBXBuildFile; fileRef = BE0FB93C23C4A71600ADB2DE /* Assets.xcassets */; };
		BE0FB94023C4A71600ADB2DE /* LaunchScreen.storyboard in Resources */ = {isa = PBXBuildFile; fileRef = BE0FB93E23C4A71600ADB2DE /* LaunchScreen.storyboard */; };
		BE17C61423C4AB440009496F /* RootRouter.swift in Sources */ = {isa = PBXBuildFile; fileRef = BE17C61023C4AB440009496F /* RootRouter.swift */; };
		BE17C61523C4AB440009496F /* RootViewController.swift in Sources */ = {isa = PBXBuildFile; fileRef = BE17C61123C4AB440009496F /* RootViewController.swift */; };
		BE17C61623C4AB440009496F /* RootBuilder.swift in Sources */ = {isa = PBXBuildFile; fileRef = BE17C61223C4AB440009496F /* RootBuilder.swift */; };
		BE17C61723C4AB440009496F /* RootInteractor.swift in Sources */ = {isa = PBXBuildFile; fileRef = BE17C61323C4AB440009496F /* RootInteractor.swift */; };
		BE17C61A23C4AB8A0009496F /* ApplicationController.swift in Sources */ = {isa = PBXBuildFile; fileRef = BE17C61923C4AB8A0009496F /* ApplicationController.swift */; };
		BE17C62023C4BC4F0009496F /* LoggedOutRouter.swift in Sources */ = {isa = PBXBuildFile; fileRef = BE17C61C23C4BC4F0009496F /* LoggedOutRouter.swift */; };
		BE17C62123C4BC4F0009496F /* LoggedOutViewController.swift in Sources */ = {isa = PBXBuildFile; fileRef = BE17C61D23C4BC4F0009496F /* LoggedOutViewController.swift */; };
		BE17C62223C4BC4F0009496F /* LoggedOutBuilder.swift in Sources */ = {isa = PBXBuildFile; fileRef = BE17C61E23C4BC4F0009496F /* LoggedOutBuilder.swift */; };
		BE17C62323C4BC4F0009496F /* LoggedOutInteractor.swift in Sources */ = {isa = PBXBuildFile; fileRef = BE17C61F23C4BC4F0009496F /* LoggedOutInteractor.swift */; };
		BE17C62823C577850009496F /* RootInteractorTests.swift in Sources */ = {isa = PBXBuildFile; fileRef = BE17C62623C577850009496F /* RootInteractorTests.swift */; };
		BE17C62923C577850009496F /* RootRouterTests.swift in Sources */ = {isa = PBXBuildFile; fileRef = BE17C62723C577850009496F /* RootRouterTests.swift */; };
		BE17C62D23C577B90009496F /* LoggedOutInteractorTests.swift in Sources */ = {isa = PBXBuildFile; fileRef = BE17C62B23C577B90009496F /* LoggedOutInteractorTests.swift */; };
		BE17C62E23C577B90009496F /* LoggedOutRouterTests.swift in Sources */ = {isa = PBXBuildFile; fileRef = BE17C62C23C577B90009496F /* LoggedOutRouterTests.swift */; };
		ED05C9ABE8229BDAFC23FBF6 /* Pods_morion.framework in Frameworks */ = {isa = PBXBuildFile; fileRef = 0FD93F79EA9B07620CADF491 /* Pods_morion.framework */; };
/* End PBXBuildFile section */

/* Begin PBXContainerItemProxy section */
		BE0FB94723C4A71600ADB2DE /* PBXContainerItemProxy */ = {
			isa = PBXContainerItemProxy;
			containerPortal = BE0FB92823C4A71400ADB2DE /* Project object */;
			proxyType = 1;
			remoteGlobalIDString = BE0FB92F23C4A71400ADB2DE;
			remoteInfo = morion;
		};
/* End PBXContainerItemProxy section */

/* Begin PBXFileReference section */
		0FD30641C1E9F8DB0EE69B7A /* Pods_morionTests.framework */ = {isa = PBXFileReference; explicitFileType = wrapper.framework; includeInIndex = 0; path = Pods_morionTests.framework; sourceTree = BUILT_PRODUCTS_DIR; };
		0FD93F79EA9B07620CADF491 /* Pods_morion.framework */ = {isa = PBXFileReference; explicitFileType = wrapper.framework; includeInIndex = 0; path = Pods_morion.framework; sourceTree = BUILT_PRODUCTS_DIR; };
		2C9576673E11E4FA197E945A /* Pods-morionTests.release.xcconfig */ = {isa = PBXFileReference; includeInIndex = 1; lastKnownFileType = text.xcconfig; name = "Pods-morionTests.release.xcconfig"; path = "Target Support Files/Pods-morionTests/Pods-morionTests.release.xcconfig"; sourceTree = "<group>"; };
		34E96E7B3BBF16D6D1EB1FBC /* Pods-morion.release.xcconfig */ = {isa = PBXFileReference; includeInIndex = 1; lastKnownFileType = text.xcconfig; name = "Pods-morion.release.xcconfig"; path = "Target Support Files/Pods-morion/Pods-morion.release.xcconfig"; sourceTree = "<group>"; };
		90963B1FEA9BACEBA49BF4D7 /* Pods-morion.debug.xcconfig */ = {isa = PBXFileReference; includeInIndex = 1; lastKnownFileType = text.xcconfig; name = "Pods-morion.debug.xcconfig"; path = "Target Support Files/Pods-morion/Pods-morion.debug.xcconfig"; sourceTree = "<group>"; };
		BE0FB93023C4A71400ADB2DE /* morion.app */ = {isa = PBXFileReference; explicitFileType = wrapper.application; includeInIndex = 0; path = morion.app; sourceTree = BUILT_PRODUCTS_DIR; };
		BE0FB93323C4A71400ADB2DE /* AppDelegate.swift */ = {isa = PBXFileReference; lastKnownFileType = sourcecode.swift; path = AppDelegate.swift; sourceTree = "<group>"; };
		BE0FB93523C4A71400ADB2DE /* SceneDelegate.swift */ = {isa = PBXFileReference; lastKnownFileType = sourcecode.swift; path = SceneDelegate.swift; sourceTree = "<group>"; };
		BE0FB93C23C4A71600ADB2DE /* Assets.xcassets */ = {isa = PBXFileReference; lastKnownFileType = folder.assetcatalog; path = Assets.xcassets; sourceTree = "<group>"; };
		BE0FB93F23C4A71600ADB2DE /* Base */ = {isa = PBXFileReference; lastKnownFileType = file.storyboard; name = Base; path = Base.lproj/LaunchScreen.storyboard; sourceTree = "<group>"; };
		BE0FB94123C4A71600ADB2DE /* Info.plist */ = {isa = PBXFileReference; lastKnownFileType = text.plist.xml; path = Info.plist; sourceTree = "<group>"; };
		BE0FB94623C4A71600ADB2DE /* morionTests.xctest */ = {isa = PBXFileReference; explicitFileType = wrapper.cfbundle; includeInIndex = 0; path = morionTests.xctest; sourceTree = BUILT_PRODUCTS_DIR; };
		BE0FB94C23C4A71600ADB2DE /* Info.plist */ = {isa = PBXFileReference; lastKnownFileType = text.plist.xml; path = Info.plist; sourceTree = "<group>"; };
		BE17C61023C4AB440009496F /* RootRouter.swift */ = {isa = PBXFileReference; lastKnownFileType = sourcecode.swift; path = RootRouter.swift; sourceTree = "<group>"; };
		BE17C61123C4AB440009496F /* RootViewController.swift */ = {isa = PBXFileReference; lastKnownFileType = sourcecode.swift; path = RootViewController.swift; sourceTree = "<group>"; };
		BE17C61223C4AB440009496F /* RootBuilder.swift */ = {isa = PBXFileReference; lastKnownFileType = sourcecode.swift; path = RootBuilder.swift; sourceTree = "<group>"; };
		BE17C61323C4AB440009496F /* RootInteractor.swift */ = {isa = PBXFileReference; lastKnownFileType = sourcecode.swift; path = RootInteractor.swift; sourceTree = "<group>"; };
		BE17C61923C4AB8A0009496F /* ApplicationController.swift */ = {isa = PBXFileReference; lastKnownFileType = sourcecode.swift; path = ApplicationController.swift; sourceTree = "<group>"; };
		BE17C61C23C4BC4F0009496F /* LoggedOutRouter.swift */ = {isa = PBXFileReference; lastKnownFileType = sourcecode.swift; path = LoggedOutRouter.swift; sourceTree = "<group>"; };
		BE17C61D23C4BC4F0009496F /* LoggedOutViewController.swift */ = {isa = PBXFileReference; lastKnownFileType = sourcecode.swift; path = LoggedOutViewController.swift; sourceTree = "<group>"; };
		BE17C61E23C4BC4F0009496F /* LoggedOutBuilder.swift */ = {isa = PBXFileReference; lastKnownFileType = sourcecode.swift; path = LoggedOutBuilder.swift; sourceTree = "<group>"; };
		BE17C61F23C4BC4F0009496F /* LoggedOutInteractor.swift */ = {isa = PBXFileReference; lastKnownFileType = sourcecode.swift; path = LoggedOutInteractor.swift; sourceTree = "<group>"; };
		BE17C62623C577850009496F /* RootInteractorTests.swift */ = {isa = PBXFileReference; lastKnownFileType = sourcecode.swift; path = RootInteractorTests.swift; sourceTree = "<group>"; };
		BE17C62723C577850009496F /* RootRouterTests.swift */ = {isa = PBXFileReference; lastKnownFileType = sourcecode.swift; path = RootRouterTests.swift; sourceTree = "<group>"; };
		BE17C62B23C577B90009496F /* LoggedOutInteractorTests.swift */ = {isa = PBXFileReference; lastKnownFileType = sourcecode.swift; path = LoggedOutInteractorTests.swift; sourceTree = "<group>"; };
		BE17C62C23C577B90009496F /* LoggedOutRouterTests.swift */ = {isa = PBXFileReference; lastKnownFileType = sourcecode.swift; path = LoggedOutRouterTests.swift; sourceTree = "<group>"; };
		DBA962B4743D22080055DC96 /* Pods-morionTests.debug.xcconfig */ = {isa = PBXFileReference; includeInIndex = 1; lastKnownFileType = text.xcconfig; name = "Pods-morionTests.debug.xcconfig"; path = "Target Support Files/Pods-morionTests/Pods-morionTests.debug.xcconfig"; sourceTree = "<group>"; };
/* End PBXFileReference section */

/* Begin PBXFrameworksBuildPhase section */
		BE0FB92D23C4A71400ADB2DE /* Frameworks */ = {
			isa = PBXFrameworksBuildPhase;
			buildActionMask = 2147483647;
			files = (
				ED05C9ABE8229BDAFC23FBF6 /* Pods_morion.framework in Frameworks */,
			);
			runOnlyForDeploymentPostprocessing = 0;
		};
		BE0FB94323C4A71600ADB2DE /* Frameworks */ = {
			isa = PBXFrameworksBuildPhase;
			buildActionMask = 2147483647;
			files = (
				7FD8866DEB84A28E4193CF05 /* Pods_morionTests.framework in Frameworks */,
			);
			runOnlyForDeploymentPostprocessing = 0;
		};
/* End PBXFrameworksBuildPhase section */

/* Begin PBXGroup section */
		271EC9C3779A07E81478E89C /* Pods */ = {
			isa = PBXGroup;
			children = (
				90963B1FEA9BACEBA49BF4D7 /* Pods-morion.debug.xcconfig */,
				34E96E7B3BBF16D6D1EB1FBC /* Pods-morion.release.xcconfig */,
				DBA962B4743D22080055DC96 /* Pods-morionTests.debug.xcconfig */,
				2C9576673E11E4FA197E945A /* Pods-morionTests.release.xcconfig */,
			);
			path = Pods;
			sourceTree = "<group>";
		};
		BE0FB92723C4A71400ADB2DE = {
			isa = PBXGroup;
			children = (
				BE0FB93223C4A71400ADB2DE /* morion */,
				BE0FB94923C4A71600ADB2DE /* morionTests */,
				BE0FB93123C4A71400ADB2DE /* Products */,
				271EC9C3779A07E81478E89C /* Pods */,
				E3B9C1787F6C105DFE3363BF /* Frameworks */,
			);
			sourceTree = "<group>";
		};
		BE0FB93123C4A71400ADB2DE /* Products */ = {
			isa = PBXGroup;
			children = (
				BE0FB93023C4A71400ADB2DE /* morion.app */,
				BE0FB94623C4A71600ADB2DE /* morionTests.xctest */,
			);
			name = Products;
			sourceTree = "<group>";
		};
		BE0FB93223C4A71400ADB2DE /* morion */ = {
			isa = PBXGroup;
			children = (
				BE17C61823C4AB7A0009496F /* Controller */,
				BE17C60F23C4AB290009496F /* Root */,
				BE17C61B23C4BC360009496F /* LoggedOut */,
				BE0FB95623C4A73700ADB2DE /* AppStart */,
				BE0FB93C23C4A71600ADB2DE /* Assets.xcassets */,
				BE0FB93E23C4A71600ADB2DE /* LaunchScreen.storyboard */,
				BE0FB94123C4A71600ADB2DE /* Info.plist */,
			);
			path = morion;
			sourceTree = "<group>";
		};
		BE0FB94923C4A71600ADB2DE /* morionTests */ = {
			isa = PBXGroup;
			children = (
				BE17C62A23C577A40009496F /* LoggedOut */,
				BE17C62523C577710009496F /* Root */,
				BE0FB94C23C4A71600ADB2DE /* Info.plist */,
			);
			path = morionTests;
			sourceTree = "<group>";
		};
		BE0FB95623C4A73700ADB2DE /* AppStart */ = {
			isa = PBXGroup;
			children = (
				BE0FB93323C4A71400ADB2DE /* AppDelegate.swift */,
				BE0FB93523C4A71400ADB2DE /* SceneDelegate.swift */,
			);
			path = AppStart;
			sourceTree = "<group>";
		};
		BE17C60F23C4AB290009496F /* Root */ = {
			isa = PBXGroup;
			children = (
				BE17C61023C4AB440009496F /* RootRouter.swift */,
				BE17C61123C4AB440009496F /* RootViewController.swift */,
				BE17C61223C4AB440009496F /* RootBuilder.swift */,
				BE17C61323C4AB440009496F /* RootInteractor.swift */,
			);
			path = Root;
			sourceTree = "<group>";
		};
		BE17C61823C4AB7A0009496F /* Controller */ = {
			isa = PBXGroup;
			children = (
				BE17C61923C4AB8A0009496F /* ApplicationController.swift */,
			);
			path = Controller;
			sourceTree = "<group>";
		};
		BE17C61B23C4BC360009496F /* LoggedOut */ = {
			isa = PBXGroup;
			children = (
				BE17C61C23C4BC4F0009496F /* LoggedOutRouter.swift */,
				BE17C61D23C4BC4F0009496F /* LoggedOutViewController.swift */,
				BE17C61E23C4BC4F0009496F /* LoggedOutBuilder.swift */,
				BE17C61F23C4BC4F0009496F /* LoggedOutInteractor.swift */,
			);
			path = LoggedOut;
			sourceTree = "<group>";
		};
		BE17C62523C577710009496F /* Root */ = {
			isa = PBXGroup;
			children = (
				BE17C62623C577850009496F /* RootInteractorTests.swift */,
				BE17C62723C577850009496F /* RootRouterTests.swift */,
			);
			path = Root;
			sourceTree = "<group>";
		};
		BE17C62A23C577A40009496F /* LoggedOut */ = {
			isa = PBXGroup;
			children = (
				BE17C62B23C577B90009496F /* LoggedOutInteractorTests.swift */,
				BE17C62C23C577B90009496F /* LoggedOutRouterTests.swift */,
			);
			path = LoggedOut;
			sourceTree = "<group>";
		};
		E3B9C1787F6C105DFE3363BF /* Frameworks */ = {
			isa = PBXGroup;
			children = (
				0FD93F79EA9B07620CADF491 /* Pods_morion.framework */,
				0FD30641C1E9F8DB0EE69B7A /* Pods_morionTests.framework */,
			);
			name = Frameworks;
			sourceTree = "<group>";
		};
/* End PBXGroup section */

/* Begin PBXNativeTarget section */
		BE0FB92F23C4A71400ADB2DE /* morion */ = {
			isa = PBXNativeTarget;
			buildConfigurationList = BE0FB94F23C4A71600ADB2DE /* Build configuration list for PBXNativeTarget "morion" */;
			buildPhases = (
				84AE87128C3AD0CA436CA7EE /* [CP] Check Pods Manifest.lock */,
				BE0FB92C23C4A71400ADB2DE /* Sources */,
				BE0FB92D23C4A71400ADB2DE /* Frameworks */,
				BE0FB92E23C4A71400ADB2DE /* Resources */,
				88F4A1EE65FDAA195F34ABA6 /* [CP] Embed Pods Frameworks */,
			);
			buildRules = (
			);
			dependencies = (
			);
			name = morion;
			productName = morion;
			productReference = BE0FB93023C4A71400ADB2DE /* morion.app */;
			productType = "com.apple.product-type.application";
		};
		BE0FB94523C4A71600ADB2DE /* morionTests */ = {
			isa = PBXNativeTarget;
			buildConfigurationList = BE0FB95223C4A71600ADB2DE /* Build configuration list for PBXNativeTarget "morionTests" */;
			buildPhases = (
				04FC423361DE480C2FB1E513 /* [CP] Check Pods Manifest.lock */,
				BE0FB94223C4A71600ADB2DE /* Sources */,
				BE0FB94323C4A71600ADB2DE /* Frameworks */,
				BE0FB94423C4A71600ADB2DE /* Resources */,
			);
			buildRules = (
			);
			dependencies = (
				BE0FB94823C4A71600ADB2DE /* PBXTargetDependency */,
			);
			name = morionTests;
			productName = morionTests;
			productReference = BE0FB94623C4A71600ADB2DE /* morionTests.xctest */;
			productType = "com.apple.product-type.bundle.unit-test";
		};
/* End PBXNativeTarget section */

/* Begin PBXProject section */
		BE0FB92823C4A71400ADB2DE /* Project object */ = {
			isa = PBXProject;
			attributes = {
				LastSwiftUpdateCheck = 1130;
				LastUpgradeCheck = 1130;
				ORGANIZATIONNAME = akuraru;
				TargetAttributes = {
					BE0FB92F23C4A71400ADB2DE = {
						CreatedOnToolsVersion = 11.3;
					};
					BE0FB94523C4A71600ADB2DE = {
						CreatedOnToolsVersion = 11.3;
						TestTargetID = BE0FB92F23C4A71400ADB2DE;
					};
				};
			};
			buildConfigurationList = BE0FB92B23C4A71400ADB2DE /* Build configuration list for PBXProject "morion" */;
			compatibilityVersion = "Xcode 9.3";
			developmentRegion = en;
			hasScannedForEncodings = 0;
			knownRegions = (
				en,
				Base,
			);
			mainGroup = BE0FB92723C4A71400ADB2DE;
			productRefGroup = BE0FB93123C4A71400ADB2DE /* Products */;
			projectDirPath = "";
			projectRoot = "";
			targets = (
				BE0FB92F23C4A71400ADB2DE /* morion */,
				BE0FB94523C4A71600ADB2DE /* morionTests */,
			);
		};
/* End PBXProject section */

/* Begin PBXResourcesBuildPhase section */
		BE0FB92E23C4A71400ADB2DE /* Resources */ = {
			isa = PBXResourcesBuildPhase;
			buildActionMask = 2147483647;
			files = (
				BE0FB94023C4A71600ADB2DE /* LaunchScreen.storyboard in Resources */,
				BE0FB93D23C4A71600ADB2DE /* Assets.xcassets in Resources */,
			);
			runOnlyForDeploymentPostprocessing = 0;
		};
		BE0FB94423C4A71600ADB2DE /* Resources */ = {
			isa = PBXResourcesBuildPhase;
			buildActionMask = 2147483647;
			files = (
			);
			runOnlyForDeploymentPostprocessing = 0;
		};
/* End PBXResourcesBuildPhase section */

/* Begin PBXShellScriptBuildPhase section */
		04FC423361DE480C2FB1E513 /* [CP] Check Pods Manifest.lock */ = {
			isa = PBXShellScriptBuildPhase;
			buildActionMask = 2147483647;
			files = (
			);
			inputFileListPaths = (
			);
			inputPaths = (
				"${PODS_PODFILE_DIR_PATH}/Podfile.lock",
				"${PODS_ROOT}/Manifest.lock",
			);
			name = "[CP] Check Pods Manifest.lock";
			outputFileListPaths = (
			);
			outputPaths = (
				"$(DERIVED_FILE_DIR)/Pods-morionTests-checkManifestLockResult.txt",
			);
			runOnlyForDeploymentPostprocessing = 0;
			shellPath = /bin/sh;
			shellScript = "diff \"${PODS_PODFILE_DIR_PATH}/Podfile.lock\" \"${PODS_ROOT}/Manifest.lock\" > /dev/null\nif [ $? != 0 ] ; then\n    # print error to STDERR\n    echo \"error: The sandbox is not in sync with the Podfile.lock. Run 'pod install' or update your CocoaPods installation.\" >&2\n    exit 1\nfi\n# This output is used by Xcode 'outputs' to avoid re-running this script phase.\necho \"SUCCESS\" > \"${SCRIPT_OUTPUT_FILE_0}\"\n";
			showEnvVarsInLog = 0;
		};
		84AE87128C3AD0CA436CA7EE /* [CP] Check Pods Manifest.lock */ = {
			isa = PBXShellScriptBuildPhase;
			buildActionMask = 2147483647;
			files = (
			);
			inputFileListPaths = (
			);
			inputPaths = (
				"${PODS_PODFILE_DIR_PATH}/Podfile.lock",
				"${PODS_ROOT}/Manifest.lock",
			);
			name = "[CP] Check Pods Manifest.lock";
			outputFileListPaths = (
			);
			outputPaths = (
				"$(DERIVED_FILE_DIR)/Pods-morion-checkManifestLockResult.txt",
			);
			runOnlyForDeploymentPostprocessing = 0;
			shellPath = /bin/sh;
			shellScript = "diff \"${PODS_PODFILE_DIR_PATH}/Podfile.lock\" \"${PODS_ROOT}/Manifest.lock\" > /dev/null\nif [ $? != 0 ] ; then\n    # print error to STDERR\n    echo \"error: The sandbox is not in sync with the Podfile.lock. Run 'pod install' or update your CocoaPods installation.\" >&2\n    exit 1\nfi\n# This output is used by Xcode 'outputs' to avoid re-running this script phase.\necho \"SUCCESS\" > \"${SCRIPT_OUTPUT_FILE_0}\"\n";
			showEnvVarsInLog = 0;
		};
		88F4A1EE65FDAA195F34ABA6 /* [CP] Embed Pods Frameworks */ = {
			isa = PBXShellScriptBuildPhase;
			buildActionMask = 2147483647;
			files = (
			);
			inputFileListPaths = (
				"${PODS_ROOT}/Target Support Files/Pods-morion/Pods-morion-frameworks-${CONFIGURATION}-input-files.xcfilelist",
			);
			name = "[CP] Embed Pods Frameworks";
			outputFileListPaths = (
				"${PODS_ROOT}/Target Support Files/Pods-morion/Pods-morion-frameworks-${CONFIGURATION}-output-files.xcfilelist",
			);
			runOnlyForDeploymentPostprocessing = 0;
			shellPath = /bin/sh;
			shellScript = "\"${PODS_ROOT}/Target Support Files/Pods-morion/Pods-morion-frameworks.sh\"\n";
			showEnvVarsInLog = 0;
		};
/* End PBXShellScriptBuildPhase section */

/* Begin PBXSourcesBuildPhase section */
		BE0FB92C23C4A71400ADB2DE /* Sources */ = {
			isa = PBXSourcesBuildPhase;
			buildActionMask = 2147483647;
			files = (
				BE17C62323C4BC4F0009496F /* LoggedOutInteractor.swift in Sources */,
				BE17C61723C4AB440009496F /* RootInteractor.swift in Sources */,
				BE0FB93423C4A71400ADB2DE /* AppDelegate.swift in Sources */,
				BE17C62223C4BC4F0009496F /* LoggedOutBuilder.swift in Sources */,
				BE17C61A23C4AB8A0009496F /* ApplicationController.swift in Sources */,
				BE17C62023C4BC4F0009496F /* LoggedOutRouter.swift in Sources */,
				BE17C61423C4AB440009496F /* RootRouter.swift in Sources */,
				BE17C61623C4AB440009496F /* RootBuilder.swift in Sources */,
				BE17C61523C4AB440009496F /* RootViewController.swift in Sources */,
				BE17C62123C4BC4F0009496F /* LoggedOutViewController.swift in Sources */,
				BE0FB93623C4A71400ADB2DE /* SceneDelegate.swift in Sources */,
			);
			runOnlyForDeploymentPostprocessing = 0;
		};
		BE0FB94223C4A71600ADB2DE /* Sources */ = {
			isa = PBXSourcesBuildPhase;
			buildActionMask = 2147483647;
			files = (
				BE17C62923C577850009496F /* RootRouterTests.swift in Sources */,
				BE17C62D23C577B90009496F /* LoggedOutInteractorTests.swift in Sources */,
				BE17C62E23C577B90009496F /* LoggedOutRouterTests.swift in Sources */,
				BE17C62823C577850009496F /* RootInteractorTests.swift in Sources */,
			);
			runOnlyForDeploymentPostprocessing = 0;
		};
/* End PBXSourcesBuildPhase section */

/* Begin PBXTargetDependency section */
		BE0FB94823C4A71600ADB2DE /* PBXTargetDependency */ = {
			isa = PBXTargetDependency;
			target = BE0FB92F23C4A71400ADB2DE /* morion */;
			targetProxy = BE0FB94723C4A71600ADB2DE /* PBXContainerItemProxy */;
		};
/* End PBXTargetDependency section */

/* Begin PBXVariantGroup section */
		BE0FB93E23C4A71600ADB2DE /* LaunchScreen.storyboard */ = {
			isa = PBXVariantGroup;
			children = (
				BE0FB93F23C4A71600ADB2DE /* Base */,
			);
			name = LaunchScreen.storyboard;
			sourceTree = "<group>";
		};
/* End PBXVariantGroup section */

/* Begin XCBuildConfiguration section */
		BE0FB94D23C4A71600ADB2DE /* Debug */ = {
			isa = XCBuildConfiguration;
			buildSettings = {
				ALWAYS_SEARCH_USER_PATHS = NO;
				CLANG_ANALYZER_NONNULL = YES;
				CLANG_ANALYZER_NUMBER_OBJECT_CONVERSION = YES_AGGRESSIVE;
				CLANG_CXX_LANGUAGE_STANDARD = "gnu++14";
				CLANG_CXX_LIBRARY = "libc++";
				CLANG_ENABLE_MODULES = YES;
				CLANG_ENABLE_OBJC_ARC = YES;
				CLANG_ENABLE_OBJC_WEAK = YES;
				CLANG_WARN_BLOCK_CAPTURE_AUTORELEASING = YES;
				CLANG_WARN_BOOL_CONVERSION = YES;
				CLANG_WARN_COMMA = YES;
				CLANG_WARN_CONSTANT_CONVERSION = YES;
				CLANG_WARN_DEPRECATED_OBJC_IMPLEMENTATIONS = YES;
				CLANG_WARN_DIRECT_OBJC_ISA_USAGE = YES_ERROR;
				CLANG_WARN_DOCUMENTATION_COMMENTS = YES;
				CLANG_WARN_EMPTY_BODY = YES;
				CLANG_WARN_ENUM_CONVERSION = YES;
				CLANG_WARN_INFINITE_RECURSION = YES;
				CLANG_WARN_INT_CONVERSION = YES;
				CLANG_WARN_NON_LITERAL_NULL_CONVERSION = YES;
				CLANG_WARN_OBJC_IMPLICIT_RETAIN_SELF = YES;
				CLANG_WARN_OBJC_LITERAL_CONVERSION = YES;
				CLANG_WARN_OBJC_ROOT_CLASS = YES_ERROR;
				CLANG_WARN_RANGE_LOOP_ANALYSIS = YES;
				CLANG_WARN_STRICT_PROTOTYPES = YES;
				CLANG_WARN_SUSPICIOUS_MOVE = YES;
				CLANG_WARN_UNGUARDED_AVAILABILITY = YES_AGGRESSIVE;
				CLANG_WARN_UNREACHABLE_CODE = YES;
				CLANG_WARN__DUPLICATE_METHOD_MATCH = YES;
				COPY_PHASE_STRIP = NO;
				DEBUG_INFORMATION_FORMAT = dwarf;
				ENABLE_STRICT_OBJC_MSGSEND = YES;
				ENABLE_TESTABILITY = YES;
				GCC_C_LANGUAGE_STANDARD = gnu11;
				GCC_DYNAMIC_NO_PIC = NO;
				GCC_NO_COMMON_BLOCKS = YES;
				GCC_OPTIMIZATION_LEVEL = 0;
				GCC_PREPROCESSOR_DEFINITIONS = (
					"DEBUG=1",
					"$(inherited)",
				);
				GCC_WARN_64_TO_32_BIT_CONVERSION = YES;
				GCC_WARN_ABOUT_RETURN_TYPE = YES_ERROR;
				GCC_WARN_UNDECLARED_SELECTOR = YES;
				GCC_WARN_UNINITIALIZED_AUTOS = YES_AGGRESSIVE;
				GCC_WARN_UNUSED_FUNCTION = YES;
				GCC_WARN_UNUSED_VARIABLE = YES;
				IPHONEOS_DEPLOYMENT_TARGET = 13.2;
				MTL_ENABLE_DEBUG_INFO = INCLUDE_SOURCE;
				MTL_FAST_MATH = YES;
				ONLY_ACTIVE_ARCH = YES;
				SDKROOT = iphoneos;
				SWIFT_ACTIVE_COMPILATION_CONDITIONS = DEBUG;
				SWIFT_OPTIMIZATION_LEVEL = "-Onone";
			};
			name = Debug;
		};
		BE0FB94E23C4A71600ADB2DE /* Release */ = {
			isa = XCBuildConfiguration;
			buildSettings = {
				ALWAYS_SEARCH_USER_PATHS = NO;
				CLANG_ANALYZER_NONNULL = YES;
				CLANG_ANALYZER_NUMBER_OBJECT_CONVERSION = YES_AGGRESSIVE;
				CLANG_CXX_LANGUAGE_STANDARD = "gnu++14";
				CLANG_CXX_LIBRARY = "libc++";
				CLANG_ENABLE_MODULES = YES;
				CLANG_ENABLE_OBJC_ARC = YES;
				CLANG_ENABLE_OBJC_WEAK = YES;
				CLANG_WARN_BLOCK_CAPTURE_AUTORELEASING = YES;
				CLANG_WARN_BOOL_CONVERSION = YES;
				CLANG_WARN_COMMA = YES;
				CLANG_WARN_CONSTANT_CONVERSION = YES;
				CLANG_WARN_DEPRECATED_OBJC_IMPLEMENTATIONS = YES;
				CLANG_WARN_DIRECT_OBJC_ISA_USAGE = YES_ERROR;
				CLANG_WARN_DOCUMENTATION_COMMENTS = YES;
				CLANG_WARN_EMPTY_BODY = YES;
				CLANG_WARN_ENUM_CONVERSION = YES;
				CLANG_WARN_INFINITE_RECURSION = YES;
				CLANG_WARN_INT_CONVERSION = YES;
				CLANG_WARN_NON_LITERAL_NULL_CONVERSION = YES;
				CLANG_WARN_OBJC_IMPLICIT_RETAIN_SELF = YES;
				CLANG_WARN_OBJC_LITERAL_CONVERSION = YES;
				CLANG_WARN_OBJC_ROOT_CLASS = YES_ERROR;
				CLANG_WARN_RANGE_LOOP_ANALYSIS = YES;
				CLANG_WARN_STRICT_PROTOTYPES = YES;
				CLANG_WARN_SUSPICIOUS_MOVE = YES;
				CLANG_WARN_UNGUARDED_AVAILABILITY = YES_AGGRESSIVE;
				CLANG_WARN_UNREACHABLE_CODE = YES;
				CLANG_WARN__DUPLICATE_METHOD_MATCH = YES;
				COPY_PHASE_STRIP = NO;
				DEBUG_INFORMATION_FORMAT = "dwarf-with-dsym";
				ENABLE_NS_ASSERTIONS = NO;
				ENABLE_STRICT_OBJC_MSGSEND = YES;
				GCC_C_LANGUAGE_STANDARD = gnu11;
				GCC_NO_COMMON_BLOCKS = YES;
				GCC_WARN_64_TO_32_BIT_CONVERSION = YES;
				GCC_WARN_ABOUT_RETURN_TYPE = YES_ERROR;
				GCC_WARN_UNDECLARED_SELECTOR = YES;
				GCC_WARN_UNINITIALIZED_AUTOS = YES_AGGRESSIVE;
				GCC_WARN_UNUSED_FUNCTION = YES;
				GCC_WARN_UNUSED_VARIABLE = YES;
				IPHONEOS_DEPLOYMENT_TARGET = 13.2;
				MTL_ENABLE_DEBUG_INFO = NO;
				MTL_FAST_MATH = YES;
				SDKROOT = iphoneos;
				SWIFT_COMPILATION_MODE = wholemodule;
				SWIFT_OPTIMIZATION_LEVEL = "-O";
				VALIDATE_PRODUCT = YES;
			};
			name = Release;
		};
		BE0FB95023C4A71600ADB2DE /* Debug */ = {
			isa = XCBuildConfiguration;
			baseConfigurationReference = 90963B1FEA9BACEBA49BF4D7 /* Pods-morion.debug.xcconfig */;
			buildSettings = {
				ASSETCATALOG_COMPILER_APPICON_NAME = AppIcon;
				CODE_SIGN_STYLE = Automatic;
				INFOPLIST_FILE = morion/Info.plist;
				LD_RUNPATH_SEARCH_PATHS = (
					"$(inherited)",
					"@executable_path/Frameworks",
				);
				PRODUCT_BUNDLE_IDENTIFIER = akuraru.morion;
				PRODUCT_NAME = "$(TARGET_NAME)";
				SWIFT_VERSION = 5.0;
				TARGETED_DEVICE_FAMILY = "1,2";
			};
			name = Debug;
		};
		BE0FB95123C4A71600ADB2DE /* Release */ = {
			isa = XCBuildConfiguration;
			baseConfigurationReference = 34E96E7B3BBF16D6D1EB1FBC /* Pods-morion.release.xcconfig */;
			buildSettings = {
				ASSETCATALOG_COMPILER_APPICON_NAME = AppIcon;
				CODE_SIGN_STYLE = Automatic;
				INFOPLIST_FILE = morion/Info.plist;
				LD_RUNPATH_SEARCH_PATHS = (
					"$(inherited)",
					"@executable_path/Frameworks",
				);
				PRODUCT_BUNDLE_IDENTIFIER = akuraru.morion;
				PRODUCT_NAME = "$(TARGET_NAME)";
				SWIFT_VERSION = 5.0;
				TARGETED_DEVICE_FAMILY = "1,2";
			};
			name = Release;
		};
		BE0FB95323C4A71600ADB2DE /* Debug */ = {
			isa = XCBuildConfiguration;
			baseConfigurationReference = DBA962B4743D22080055DC96 /* Pods-morionTests.debug.xcconfig */;
			buildSettings = {
				ALWAYS_EMBED_SWIFT_STANDARD_LIBRARIES = YES;
				BUNDLE_LOADER = "$(TEST_HOST)";
				CODE_SIGN_STYLE = Automatic;
				INFOPLIST_FILE = morionTests/Info.plist;
				IPHONEOS_DEPLOYMENT_TARGET = 13.2;
				LD_RUNPATH_SEARCH_PATHS = (
					"$(inherited)",
					"@executable_path/Frameworks",
					"@loader_path/Frameworks",
				);
				PRODUCT_BUNDLE_IDENTIFIER = akuraru.morionTests;
				PRODUCT_NAME = "$(TARGET_NAME)";
				SWIFT_VERSION = 5.0;
				TARGETED_DEVICE_FAMILY = "1,2";
				TEST_HOST = "$(BUILT_PRODUCTS_DIR)/morion.app/morion";
			};
			name = Debug;
		};
		BE0FB95423C4A71600ADB2DE /* Release */ = {
			isa = XCBuildConfiguration;
			baseConfigurationReference = 2C9576673E11E4FA197E945A /* Pods-morionTests.release.xcconfig */;
			buildSettings = {
				ALWAYS_EMBED_SWIFT_STANDARD_LIBRARIES = YES;
				BUNDLE_LOADER = "$(TEST_HOST)";
				CODE_SIGN_STYLE = Automatic;
				INFOPLIST_FILE = morionTests/Info.plist;
				IPHONEOS_DEPLOYMENT_TARGET = 13.2;
				LD_RUNPATH_SEARCH_PATHS = (
					"$(inherited)",
					"@executable_path/Frameworks",
					"@loader_path/Frameworks",
				);
				PRODUCT_BUNDLE_IDENTIFIER = akuraru.morionTests;
				PRODUCT_NAME = "$(TARGET_NAME)";
				SWIFT_VERSION = 5.0;
				TARGETED_DEVICE_FAMILY = "1,2";
				TEST_HOST = "$(BUILT_PRODUCTS_DIR)/morion.app/morion";
			};
			name = Release;
		};
/* End XCBuildConfiguration section */

/* Begin XCConfigurationList section */
		BE0FB92B23C4A71400ADB2DE /* Build configuration list for PBXProject "morion" */ = {
			isa = XCConfigurationList;
			buildConfigurations = (
				BE0FB94D23C4A71600ADB2DE /* Debug */,
				BE0FB94E23C4A71600ADB2DE /* Release */,
			);
			defaultConfigurationIsVisible = 0;
			defaultConfigurationName = Release;
		};
		BE0FB94F23C4A71600ADB2DE /* Build configuration list for PBXNativeTarget "morion" */ = {
			isa = XCConfigurationList;
			buildConfigurations = (
				BE0FB95023C4A71600ADB2DE /* Debug */,
				BE0FB95123C4A71600ADB2DE /* Release */,
			);
			defaultConfigurationIsVisible = 0;
			defaultConfigurationName = Release;
		};
		BE0FB95223C4A71600ADB2DE /* Build configuration list for PBXNativeTarget "morionTests" */ = {
			isa = XCConfigurationList;
			buildConfigurations = (
				BE0FB95323C4A71600ADB2DE /* Debug */,
				BE0FB95423C4A71600ADB2DE /* Release */,
			);
			defaultConfigurationIsVisible = 0;
			defaultConfigurationName = Release;
		};
/* End XCConfigurationList section */
	};
	rootObject = BE0FB92823C4A71400ADB2DE /* Project object */;
}
